
Microsoft Visual Studio Solution File, Format Version 12.00
# Visual Studio 15
Project("{FAE04EC0-301F-11D3-BF4B-00C04F79EFBC}") = "CustomBindableProperty.Android", "CustomBindableProperty.Android\CustomBindableProperty.Android.csproj", "{5E3F61EA-B29E-46B0-8FC2-D2EE7A0665C1}"
EndProject
Project("{FAE04EC0-301F-11D3-BF4B-00C04F79EFBC}") = "CustomBindableProperty.iOS", "CustomBindableProperty.iOS\CustomBindableProperty.iOS.csproj", "{AC58C010-0D0C-44D7-99DD-9679A3318A92}"
EndProject
Project("{FAE04EC0-301F-11D3-BF4B-00C04F79EFBC}") = "CustomBindableProperty", "CustomBindableProperty\CustomBindableProperty.csproj", "{29EB62D0-FEED-4FB6-B8B0-6173C3F242F3}"
EndProject
Global
	GlobalSection(SolutionConfigurationPlatforms) = preSolution
		Debug|Any CPU = Debug|Any CPU
		Release|Any CPU = Release|Any CPU
		Debug|iPhoneSimulator = Debug|iPhoneSimulator
		Release|iPhoneSimulator = Release|iPhoneSimulator
		Debug|iPhone = Debug|iPhone
		Release|iPhone = Release|iPhone
	EndGlobalSection
	GlobalSection(ProjectConfigurationPlatforms) = postSolution
		{5E3F61EA-B29E-46B0-8FC2-D2EE7A0665C1}.Debug|Any CPU.ActiveCfg = Debug|Any CPU
		{5E3F61EA-B29E-46B0-8FC2-D2EE7A0665C1}.Debug|Any CPU.Build.0 = Debug|Any CPU
		{5E3F61EA-B29E-46B0-8FC2-D2EE7A0665C1}.Release|Any CPU.ActiveCfg = Release|Any CPU
		{5E3F61EA-B29E-46B0-8FC2-D2EE7A0665C1}.Release|Any CPU.Build.0 = Release|Any CPU
		{5E3F61EA-B29E-46B0-8FC2-D2EE7A0665C1}.Debug|iPhoneSimulator.ActiveCfg = Debug|Any CPU
		{5E3F61EA-B29E-46B0-8FC2-D2EE7A0665C1}.Debug|iPhoneSimulator.Build.0 = Debug|Any CPU
		{5E3F61EA-B29E-46B0-8FC2-D2EE7A0665C1}.Release|iPhoneSimulator.ActiveCfg = Release|Any CPU
		{5E3F61EA-B29E-46B0-8FC2-D2EE7A0665C1}.Release|iPhoneSimulator.Build.0 = Release|Any CPU
		{5E3F61EA-B29E-46B0-8FC2-D2EE7A0665C1}.Debug|iPhone.ActiveCfg = Debug|Any CPU
		{5E3F61EA-B29E-46B0-8FC2-D2EE7A0665C1}.Debug|iPhone.Build.0 = Debug|Any CPU
		{5E3F61EA-B29E-46B0-8FC2-D2EE7A0665C1}.Release|iPhone.ActiveCfg = Release|Any CPU
		{5E3F61EA-B29E-46B0-8FC2-D2EE7A0665C1}.Release|iPhone.Build.0 = Release|Any CPU
		{AC58C010-0D0C-44D7-99DD-9679A3318A92}.Debug|Any CPU.ActiveCfg = Debug|iPhoneSimulator
		{AC58C010-0D0C-44D7-99DD-9679A3318A92}.Debug|Any CPU.Build.0 = Debug|iPhoneSimulator
		{AC58C010-0D0C-44D7-99DD-9679A3318A92}.Release|Any CPU.ActiveCfg = Release|iPhoneSimulator
		{AC58C010-0D0C-44D7-99DD-9679A3318A92}.Release|Any CPU.Build.0 = Release|iPhoneSimulator
		{AC58C010-0D0C-44D7-99DD-9679A3318A92}.Debug|iPhoneSimulator.ActiveCfg = Debug|iPhoneSimulator
		{AC58C010-0D0C-44D7-99DD-9679A3318A92}.Debug|iPhoneSimulator.Build.0 = Debug|iPhoneSimulator
		{AC58C010-0D0C-44D7-99DD-9679A3318A92}.Release|iPhoneSimulator.ActiveCfg = Release|iPhoneSimulator
		{AC58C010-0D0C-44D7-99DD-9679A3318A92}.Release|iPhoneSimulator.Build.0 = Release|iPhoneSimulator
		{AC58C010-0D0C-44D7-99DD-9679A3318A92}.Debug|iPhone.ActiveCfg = Debug|iPhone
		{AC58C010-0D0C-44D7-99DD-9679A3318A92}.Debug|iPhone.Build.0 = Debug|iPhone
		{AC58C010-0D0C-44D7-99DD-9679A3318A92}.Release|iPhone.ActiveCfg = Release|iPhone
		{AC58C010-0D0C-44D7-99DD-9679A3318A92}.Release|iPhone.Build.0 = Release|iPhone
		{29EB62D0-FEED-4FB6-B8B0-6173C3F242F3}.Debug|Any CPU.ActiveCfg = Debug|Any CPU
		{29EB62D0-FEED-4FB6-B8B0-6173C3F242F3}.Debug|Any CPU.Build.0 = Debug|Any CPU
		{29EB62D0-FEED-4FB6-B8B0-6173C3F242F3}.Release|Any CPU.ActiveCfg = Release|Any CPU
		{29EB62D0-FEED-4FB6-B8B0-6173C3F242F3}.Release|Any CPU.Build.0 = Release|Any CPU
		{29EB62D0-FEED-4FB6-B8B0-6173C3F242F3}.Debug|iPhoneSimulator.ActiveCfg = Debug|Any CPU
		{29EB62D0-FEED-4FB6-B8B0-6173C3F242F3}.Debug|iPhoneSimulator.Build.0 = Debug|Any CPU
		{29EB62D0-FEED-4FB6-B8B0-6173C3F242F3}.Release|iPhoneSimulator.ActiveCfg = Release|Any CPU
		{29EB62D0-FEED-4FB6-B8B0-6173C3F242F3}.Release|iPhoneSimulator.Build.0 = Release|Any CPU
		{29EB62D0-FEED-4FB6-B8B0-6173C3F242F3}.Debug|iPhone.ActiveCfg = Debug|Any CPU
		{29EB62D0-FEED-4FB6-B8B0-6173C3F242F3}.Debug|iPhone.Build.0 = Debug|Any CPU
		{29EB62D0-FEED-4FB6-B8B0-6173C3F242F3}.Release|iPhone.ActiveCfg = Release|Any CPU
		{29EB62D0-FEED-4FB6-B8B0-6173C3F242F3}.Release|iPhone.Build.0 = Release|Any CPU
	EndGlobalSection
EndGlobal
