
Microsoft Visual Studio Solution File, Format Version 12.00
# Visual Studio 15
Project("{FAE04EC0-301F-11D3-BF4B-00C04F79EFBC}") = "WorkingOnDatabase.Android", "WorkingOnDatabase.Android\WorkingOnDatabase.Android.csproj", "{BB5AD90E-DE58-4498-B082-1E6A0A1FED1C}"
EndProject
Project("{FAE04EC0-301F-11D3-BF4B-00C04F79EFBC}") = "WorkingOnDatabase.iOS", "WorkingOnDatabase.iOS\WorkingOnDatabase.iOS.csproj", "{696C904B-903C-4887-ADE5-3F851177B39D}"
EndProject
Project("{FAE04EC0-301F-11D3-BF4B-00C04F79EFBC}") = "WorkingOnDatabase", "WorkingOnDatabase\WorkingOnDatabase.csproj", "{2392D4B8-0745-4710-82CF-C0C54BC116A2}"
EndProject
Global
	GlobalSection(SolutionConfigurationPlatforms) = preSolution
		Debug|Any CPU = Debug|Any CPU
		Release|Any CPU = Release|Any CPU
		Debug|iPhoneSimulator = Debug|iPhoneSimulator
		Release|iPhoneSimulator = Release|iPhoneSimulator
		Debug|iPhone = Debug|iPhone
		Release|iPhone = Release|iPhone
	EndGlobalSection
	GlobalSection(ProjectConfigurationPlatforms) = postSolution
		{BB5AD90E-DE58-4498-B082-1E6A0A1FED1C}.Debug|Any CPU.ActiveCfg = Debug|Any CPU
		{BB5AD90E-DE58-4498-B082-1E6A0A1FED1C}.Debug|Any CPU.Build.0 = Debug|Any CPU
		{BB5AD90E-DE58-4498-B082-1E6A0A1FED1C}.Release|Any CPU.ActiveCfg = Release|Any CPU
		{BB5AD90E-DE58-4498-B082-1E6A0A1FED1C}.Release|Any CPU.Build.0 = Release|Any CPU
		{BB5AD90E-DE58-4498-B082-1E6A0A1FED1C}.Debug|iPhoneSimulator.ActiveCfg = Debug|Any CPU
		{BB5AD90E-DE58-4498-B082-1E6A0A1FED1C}.Debug|iPhoneSimulator.Build.0 = Debug|Any CPU
		{BB5AD90E-DE58-4498-B082-1E6A0A1FED1C}.Release|iPhoneSimulator.ActiveCfg = Release|Any CPU
		{BB5AD90E-DE58-4498-B082-1E6A0A1FED1C}.Release|iPhoneSimulator.Build.0 = Release|Any CPU
		{BB5AD90E-DE58-4498-B082-1E6A0A1FED1C}.Debug|iPhone.ActiveCfg = Debug|Any CPU
		{BB5AD90E-DE58-4498-B082-1E6A0A1FED1C}.Debug|iPhone.Build.0 = Debug|Any CPU
		{BB5AD90E-DE58-4498-B082-1E6A0A1FED1C}.Release|iPhone.ActiveCfg = Release|Any CPU
		{BB5AD90E-DE58-4498-B082-1E6A0A1FED1C}.Release|iPhone.Build.0 = Release|Any CPU
		{696C904B-903C-4887-ADE5-3F851177B39D}.Debug|Any CPU.ActiveCfg = Debug|iPhoneSimulator
		{696C904B-903C-4887-ADE5-3F851177B39D}.Debug|Any CPU.Build.0 = Debug|iPhoneSimulator
		{696C904B-903C-4887-ADE5-3F851177B39D}.Release|Any CPU.ActiveCfg = Release|iPhoneSimulator
		{696C904B-903C-4887-ADE5-3F851177B39D}.Release|Any CPU.Build.0 = Release|iPhoneSimulator
		{696C904B-903C-4887-ADE5-3F851177B39D}.Debug|iPhoneSimulator.ActiveCfg = Debug|iPhoneSimulator
		{696C904B-903C-4887-ADE5-3F851177B39D}.Debug|iPhoneSimulator.Build.0 = Debug|iPhoneSimulator
		{696C904B-903C-4887-ADE5-3F851177B39D}.Release|iPhoneSimulator.ActiveCfg = Release|iPhoneSimulator
		{696C904B-903C-4887-ADE5-3F851177B39D}.Release|iPhoneSimulator.Build.0 = Release|iPhoneSimulator
		{696C904B-903C-4887-ADE5-3F851177B39D}.Debug|iPhone.ActiveCfg = Debug|iPhone
		{696C904B-903C-4887-ADE5-3F851177B39D}.Debug|iPhone.Build.0 = Debug|iPhone
		{696C904B-903C-4887-ADE5-3F851177B39D}.Release|iPhone.ActiveCfg = Release|iPhone
		{696C904B-903C-4887-ADE5-3F851177B39D}.Release|iPhone.Build.0 = Release|iPhone
		{2392D4B8-0745-4710-82CF-C0C54BC116A2}.Debug|Any CPU.ActiveCfg = Debug|Any CPU
		{2392D4B8-0745-4710-82CF-C0C54BC116A2}.Debug|Any CPU.Build.0 = Debug|Any CPU
		{2392D4B8-0745-4710-82CF-C0C54BC116A2}.Release|Any CPU.ActiveCfg = Release|Any CPU
		{2392D4B8-0745-4710-82CF-C0C54BC116A2}.Release|Any CPU.Build.0 = Release|Any CPU
		{2392D4B8-0745-4710-82CF-C0C54BC116A2}.Debug|iPhoneSimulator.ActiveCfg = Debug|Any CPU
		{2392D4B8-0745-4710-82CF-C0C54BC116A2}.Debug|iPhoneSimulator.Build.0 = Debug|Any CPU
		{2392D4B8-0745-4710-82CF-C0C54BC116A2}.Release|iPhoneSimulator.ActiveCfg = Release|Any CPU
		{2392D4B8-0745-4710-82CF-C0C54BC116A2}.Release|iPhoneSimulator.Build.0 = Release|Any CPU
		{2392D4B8-0745-4710-82CF-C0C54BC116A2}.Debug|iPhone.ActiveCfg = Debug|Any CPU
		{2392D4B8-0745-4710-82CF-C0C54BC116A2}.Debug|iPhone.Build.0 = Debug|Any CPU
		{2392D4B8-0745-4710-82CF-C0C54BC116A2}.Release|iPhone.ActiveCfg = Release|Any CPU
		{2392D4B8-0745-4710-82CF-C0C54BC116A2}.Release|iPhone.Build.0 = Release|Any CPU
	EndGlobalSection
EndGlobal
