
Microsoft Visual Studio Solution File, Format Version 12.00
# Visual Studio 15
Project("{FAE04EC0-301F-11D3-BF4B-00C04F79EFBC}") = "WorkingOnMap.Android", "WorkingOnMap.Android\WorkingOnMap.Android.csproj", "{D6754F21-D47A-4E33-9AC6-670CE950CF39}"
EndProject
Project("{FAE04EC0-301F-11D3-BF4B-00C04F79EFBC}") = "WorkingOnMap.iOS", "WorkingOnMap.iOS\WorkingOnMap.iOS.csproj", "{6D9A8949-EF2E-4FD7-B106-B38986B6CFC4}"
EndProject
Project("{FAE04EC0-301F-11D3-BF4B-00C04F79EFBC}") = "WorkingOnMap", "WorkingOnMap\WorkingOnMap.csproj", "{54E82C5F-4D50-4940-9FCE-F9BE2850E094}"
EndProject
Global
	GlobalSection(SolutionConfigurationPlatforms) = preSolution
		Debug|Any CPU = Debug|Any CPU
		Release|Any CPU = Release|Any CPU
		Debug|iPhoneSimulator = Debug|iPhoneSimulator
		Release|iPhoneSimulator = Release|iPhoneSimulator
		Debug|iPhone = Debug|iPhone
		Release|iPhone = Release|iPhone
	EndGlobalSection
	GlobalSection(ProjectConfigurationPlatforms) = postSolution
		{D6754F21-D47A-4E33-9AC6-670CE950CF39}.Debug|Any CPU.ActiveCfg = Debug|Any CPU
		{D6754F21-D47A-4E33-9AC6-670CE950CF39}.Debug|Any CPU.Build.0 = Debug|Any CPU
		{D6754F21-D47A-4E33-9AC6-670CE950CF39}.Release|Any CPU.ActiveCfg = Release|Any CPU
		{D6754F21-D47A-4E33-9AC6-670CE950CF39}.Release|Any CPU.Build.0 = Release|Any CPU
		{D6754F21-D47A-4E33-9AC6-670CE950CF39}.Debug|iPhoneSimulator.ActiveCfg = Debug|Any CPU
		{D6754F21-D47A-4E33-9AC6-670CE950CF39}.Debug|iPhoneSimulator.Build.0 = Debug|Any CPU
		{D6754F21-D47A-4E33-9AC6-670CE950CF39}.Release|iPhoneSimulator.ActiveCfg = Release|Any CPU
		{D6754F21-D47A-4E33-9AC6-670CE950CF39}.Release|iPhoneSimulator.Build.0 = Release|Any CPU
		{D6754F21-D47A-4E33-9AC6-670CE950CF39}.Debug|iPhone.ActiveCfg = Debug|Any CPU
		{D6754F21-D47A-4E33-9AC6-670CE950CF39}.Debug|iPhone.Build.0 = Debug|Any CPU
		{D6754F21-D47A-4E33-9AC6-670CE950CF39}.Release|iPhone.ActiveCfg = Release|Any CPU
		{D6754F21-D47A-4E33-9AC6-670CE950CF39}.Release|iPhone.Build.0 = Release|Any CPU
		{6D9A8949-EF2E-4FD7-B106-B38986B6CFC4}.Debug|Any CPU.ActiveCfg = Debug|iPhoneSimulator
		{6D9A8949-EF2E-4FD7-B106-B38986B6CFC4}.Debug|Any CPU.Build.0 = Debug|iPhoneSimulator
		{6D9A8949-EF2E-4FD7-B106-B38986B6CFC4}.Release|Any CPU.ActiveCfg = Release|iPhoneSimulator
		{6D9A8949-EF2E-4FD7-B106-B38986B6CFC4}.Release|Any CPU.Build.0 = Release|iPhoneSimulator
		{6D9A8949-EF2E-4FD7-B106-B38986B6CFC4}.Debug|iPhoneSimulator.ActiveCfg = Debug|iPhoneSimulator
		{6D9A8949-EF2E-4FD7-B106-B38986B6CFC4}.Debug|iPhoneSimulator.Build.0 = Debug|iPhoneSimulator
		{6D9A8949-EF2E-4FD7-B106-B38986B6CFC4}.Release|iPhoneSimulator.ActiveCfg = Release|iPhoneSimulator
		{6D9A8949-EF2E-4FD7-B106-B38986B6CFC4}.Release|iPhoneSimulator.Build.0 = Release|iPhoneSimulator
		{6D9A8949-EF2E-4FD7-B106-B38986B6CFC4}.Debug|iPhone.ActiveCfg = Debug|iPhone
		{6D9A8949-EF2E-4FD7-B106-B38986B6CFC4}.Debug|iPhone.Build.0 = Debug|iPhone
		{6D9A8949-EF2E-4FD7-B106-B38986B6CFC4}.Release|iPhone.ActiveCfg = Release|iPhone
		{6D9A8949-EF2E-4FD7-B106-B38986B6CFC4}.Release|iPhone.Build.0 = Release|iPhone
		{54E82C5F-4D50-4940-9FCE-F9BE2850E094}.Debug|Any CPU.ActiveCfg = Debug|Any CPU
		{54E82C5F-4D50-4940-9FCE-F9BE2850E094}.Debug|Any CPU.Build.0 = Debug|Any CPU
		{54E82C5F-4D50-4940-9FCE-F9BE2850E094}.Release|Any CPU.ActiveCfg = Release|Any CPU
		{54E82C5F-4D50-4940-9FCE-F9BE2850E094}.Release|Any CPU.Build.0 = Release|Any CPU
		{54E82C5F-4D50-4940-9FCE-F9BE2850E094}.Debug|iPhoneSimulator.ActiveCfg = Debug|Any CPU
		{54E82C5F-4D50-4940-9FCE-F9BE2850E094}.Debug|iPhoneSimulator.Build.0 = Debug|Any CPU
		{54E82C5F-4D50-4940-9FCE-F9BE2850E094}.Release|iPhoneSimulator.ActiveCfg = Release|Any CPU
		{54E82C5F-4D50-4940-9FCE-F9BE2850E094}.Release|iPhoneSimulator.Build.0 = Release|Any CPU
		{54E82C5F-4D50-4940-9FCE-F9BE2850E094}.Debug|iPhone.ActiveCfg = Debug|Any CPU
		{54E82C5F-4D50-4940-9FCE-F9BE2850E094}.Debug|iPhone.Build.0 = Debug|Any CPU
		{54E82C5F-4D50-4940-9FCE-F9BE2850E094}.Release|iPhone.ActiveCfg = Release|Any CPU
		{54E82C5F-4D50-4940-9FCE-F9BE2850E094}.Release|iPhone.Build.0 = Release|Any CPU
	EndGlobalSection
EndGlobal
